
Microsoft Visual Studio Solution File, Format Version 12.00
# Visual Studio Version 17
VisualStudioVersion = 17.9.34622.214
MinimumVisualStudioVersion = 10.0.40219.1
Project("{FAE04EC0-301F-11D3-BF4B-00C04F79EFBC}") = "SchoolHRAdministration", "SchoolHRAdministration\SchoolHRAdministration.csproj", "{6A22F8AC-CE52-4CC8-8A79-D375154890C0}"
EndProject
Project("{FAE04EC0-301F-11D3-BF4B-00C04F79EFBC}") = "HRAdministrationAPI", "HRAdministrationAPI\HRAdministrationAPI.csproj", "{7E8AA900-31AC-41AD-BFF7-09846D318A4A}"
EndProject
Global
	GlobalSection(SolutionConfigurationPlatforms) = preSolution
		Debug|Any CPU = Debug|Any CPU
		Release|Any CPU = Release|Any CPU
	EndGlobalSection
	GlobalSection(ProjectConfigurationPlatforms) = postSolution
		{6A22F8AC-CE52-4CC8-8A79-D375154890C0}.Debug|Any CPU.ActiveCfg = Debug|Any CPU
		{6A22F8AC-CE52-4CC8-8A79-D375154890C0}.Debug|Any CPU.Build.0 = Debug|Any CPU
		{6A22F8AC-CE52-4CC8-8A79-D375154890C0}.Release|Any CPU.ActiveCfg = Release|Any CPU
		{6A22F8AC-CE52-4CC8-8A79-D375154890C0}.Release|Any CPU.Build.0 = Release|Any CPU
		{7E8AA900-31AC-41AD-BFF7-09846D318A4A}.Debug|Any CPU.ActiveCfg = Debug|Any CPU
		{7E8AA900-31AC-41AD-BFF7-09846D318A4A}.Debug|Any CPU.Build.0 = Debug|Any CPU
		{7E8AA900-31AC-41AD-BFF7-09846D318A4A}.Release|Any CPU.ActiveCfg = Release|Any CPU
		{7E8AA900-31AC-41AD-BFF7-09846D318A4A}.Release|Any CPU.Build.0 = Release|Any CPU
	EndGlobalSection
	GlobalSection(SolutionProperties) = preSolution
		HideSolutionNode = FALSE
	EndGlobalSection
	GlobalSection(ExtensibilityGlobals) = postSolution
		SolutionGuid = {2EAF7256-C61D-4053-BAB3-7992B16597AA}
	EndGlobalSection
EndGlobal
